// !$*UTF8*$!
{
	archiveVersion = 1;
	classes = {
	};
	objectVersion = 46;
	objects = {

/* Begin PBXBuildFile section */
		AAAED211179631B98B719EC6 /* RenderProgram.cpp in Sources */ = {isa = PBXBuildFile; fileRef = AAAEDD84A787024B8A5B41EC /* RenderProgram.cpp */; };
		AAAED6BF4E042E4B240E22E2 /* Scene.cpp in Sources */ = {isa = PBXBuildFile; fileRef = AAAEDD9F6149125E907464EB /* Scene.cpp */; };
		AAAED733771827BC6A55B235 /* CubesSceneEngine.cpp in Sources */ = {isa = PBXBuildFile; fileRef = AAAEDAFEACAED94EA85B01E7 /* CubesSceneEngine.cpp */; };
		AAAED77ECC8846DEE633D6B5 /* SceneEngine.cpp in Sources */ = {isa = PBXBuildFile; fileRef = AAAED544D20FEC97C16D2101 /* SceneEngine.cpp */; };
		AAAED7D56EF284B3B66A4527 /* OpenGLApp.cpp in Sources */ = {isa = PBXBuildFile; fileRef = AAAEDF52FAFC4D7FEFA1B005 /* OpenGLApp.cpp */; };
		AAAEDC814B05AB08BF12EF1D /* CubesApp.cpp in Sources */ = {isa = PBXBuildFile; fileRef = AAAEDAC7413A6FEC19D9A0B1 /* CubesApp.cpp */; };
		AAAEDCE23B3BCD54C6A7AE06 /* Camera.cpp in Sources */ = {isa = PBXBuildFile; fileRef = AAAEDEFF009AE2864EB89D37 /* Camera.cpp */; };
		AAAEDD8C2E7F0A8772157536 /* main.cpp in Sources */ = {isa = PBXBuildFile; fileRef = AAAED1AA3E322724C0864C6F /* main.cpp */; };
		AAAEDF1D9016C73E0E5C1AF8 /* BaseRenderer.cpp in Sources */ = {isa = PBXBuildFile; fileRef = AAAED8E757BF4CBD37EBF15E /* BaseRenderer.cpp */; };
		AAAEDF76665ECB809BD9F7FB /* OculusRenderer.cpp in Sources */ = {isa = PBXBuildFile; fileRef = AAAEDF23FC6AD9D646F9F01E /* OculusRenderer.cpp */; };
		AAAEDFAF04EA3D3334DBDB2D /* SceneObject.cpp in Sources */ = {isa = PBXBuildFile; fileRef = AAAED783B0FB31DADAD679CC /* SceneObject.cpp */; };
		BED24AF119050F9A0009D365 /* Cocoa.framework in Frameworks */ = {isa = PBXBuildFile; fileRef = BED24AF019050F9A0009D365 /* Cocoa.framework */; };
		BED24AF319050FA30009D365 /* OpenGL.framework in Frameworks */ = {isa = PBXBuildFile; fileRef = BED24AF219050FA30009D365 /* OpenGL.framework */; };
		BED24AF5190510AE0009D365 /* IOKit.framework in Frameworks */ = {isa = PBXBuildFile; fileRef = BED24AF4190510AE0009D365 /* IOKit.framework */; };
		BED24B161905187A0009D365 /* fs.glsl in CopyFiles */ = {isa = PBXBuildFile; fileRef = BED24B121905186B0009D365 /* fs.glsl */; };
		BED24B171905187A0009D365 /* oculus.fs.glsl in CopyFiles */ = {isa = PBXBuildFile; fileRef = BED24B131905186B0009D365 /* oculus.fs.glsl */; };
		BED24B181905187A0009D365 /* oculus.vs.glsl in CopyFiles */ = {isa = PBXBuildFile; fileRef = BED24B141905186B0009D365 /* oculus.vs.glsl */; };
		BED24B191905187A0009D365 /* vs.glsl in CopyFiles */ = {isa = PBXBuildFile; fileRef = BED24B151905186B0009D365 /* vs.glsl */; };
/* End PBXBuildFile section */

/* Begin PBXCopyFilesBuildPhase section */
		BED24AE119050CD70009D365 /* CopyFiles */ = {
			isa = PBXCopyFilesBuildPhase;
			buildActionMask = 12;
			dstPath = resources/shaders;
			dstSubfolderSpec = 16;
			files = (
				BED24B161905187A0009D365 /* fs.glsl in CopyFiles */,
				BED24B171905187A0009D365 /* oculus.fs.glsl in CopyFiles */,
				BED24B181905187A0009D365 /* oculus.vs.glsl in CopyFiles */,
				BED24B191905187A0009D365 /* vs.glsl in CopyFiles */,
			);
			runOnlyForDeploymentPostprocessing = 0;
		};
/* End PBXCopyFilesBuildPhase section */

/* Begin PBXFileReference section */
		AAAED1AA3E322724C0864C6F /* main.cpp */ = {isa = PBXFileReference; fileEncoding = 4; lastKnownFileType = sourcecode.cpp.cpp; path = main.cpp; sourceTree = "<group>"; };
		AAAED25C3F3CF72AB3A20FDE /* OculusRenderer.h */ = {isa = PBXFileReference; fileEncoding = 4; lastKnownFileType = sourcecode.c.h; path = OculusRenderer.h; sourceTree = "<group>"; };
		AAAED32361CCF58E52BB52F7 /* WebCam.h */ = {isa = PBXFileReference; fileEncoding = 4; lastKnownFileType = sourcecode.c.h; path = WebCam.h; sourceTree = "<group>"; };
		AAAED3B28E9C7E26426E9839 /* Camera.h */ = {isa = PBXFileReference; fileEncoding = 4; lastKnownFileType = sourcecode.c.h; path = Camera.h; sourceTree = "<group>"; };
		AAAED42187C1068260B58E6D /* RenderProgram.h */ = {isa = PBXFileReference; fileEncoding = 4; lastKnownFileType = sourcecode.c.h; path = RenderProgram.h; sourceTree = "<group>"; };
		AAAED48CF955AC1F88EB5BAE /* Scene.h */ = {isa = PBXFileReference; fileEncoding = 4; lastKnownFileType = sourcecode.c.h; path = Scene.h; sourceTree = "<group>"; };
		AAAED544D20FEC97C16D2101 /* SceneEngine.cpp */ = {isa = PBXFileReference; fileEncoding = 4; lastKnownFileType = sourcecode.cpp.cpp; path = SceneEngine.cpp; sourceTree = "<group>"; };
		AAAED783B0FB31DADAD679CC /* SceneObject.cpp */ = {isa = PBXFileReference; fileEncoding = 4; lastKnownFileType = sourcecode.cpp.cpp; path = SceneObject.cpp; sourceTree = "<group>"; };
		AAAED8E757BF4CBD37EBF15E /* BaseRenderer.cpp */ = {isa = PBXFileReference; fileEncoding = 4; lastKnownFileType = sourcecode.cpp.cpp; path = BaseRenderer.cpp; sourceTree = "<group>"; };
		AAAED946A37BF88402F157A5 /* SceneEngine.h */ = {isa = PBXFileReference; fileEncoding = 4; lastKnownFileType = sourcecode.c.h; path = SceneEngine.h; sourceTree = "<group>"; };
		AAAEDAC7413A6FEC19D9A0B1 /* CubesApp.cpp */ = {isa = PBXFileReference; fileEncoding = 4; lastKnownFileType = sourcecode.cpp.cpp; path = CubesApp.cpp; sourceTree = "<group>"; };
		AAAEDAE179C18FA6CD06E60E /* BaseRenderer.h */ = {isa = PBXFileReference; fileEncoding = 4; lastKnownFileType = sourcecode.c.h; path = BaseRenderer.h; sourceTree = "<group>"; };
		AAAEDAFEACAED94EA85B01E7 /* CubesSceneEngine.cpp */ = {isa = PBXFileReference; fileEncoding = 4; lastKnownFileType = sourcecode.cpp.cpp; path = CubesSceneEngine.cpp; sourceTree = "<group>"; };
		AAAEDB3444D5DBC18C3BCF72 /* CubesApp.h */ = {isa = PBXFileReference; fileEncoding = 4; lastKnownFileType = sourcecode.c.h; path = CubesApp.h; sourceTree = "<group>"; };
		AAAEDBCD0B115A53009F1399 /* SceneObject.h */ = {isa = PBXFileReference; fileEncoding = 4; lastKnownFileType = sourcecode.c.h; path = SceneObject.h; sourceTree = "<group>"; };
		AAAEDBD1C8F67C380E3356CF /* OpenGLApp.h */ = {isa = PBXFileReference; fileEncoding = 4; lastKnownFileType = sourcecode.c.h; path = OpenGLApp.h; sourceTree = "<group>"; };
		AAAEDD84A787024B8A5B41EC /* RenderProgram.cpp */ = {isa = PBXFileReference; fileEncoding = 4; lastKnownFileType = sourcecode.cpp.cpp; path = RenderProgram.cpp; sourceTree = "<group>"; };
		AAAEDD9F6149125E907464EB /* Scene.cpp */ = {isa = PBXFileReference; fileEncoding = 4; lastKnownFileType = sourcecode.cpp.cpp; path = Scene.cpp; sourceTree = "<group>"; };
		AAAEDE6E7A3C06882E858247 /* AppHelper.h */ = {isa = PBXFileReference; fileEncoding = 4; lastKnownFileType = sourcecode.c.h; path = AppHelper.h; sourceTree = "<group>"; };
		AAAEDEAFC7197552761ED63F /* CubesSceneEngine.h */ = {isa = PBXFileReference; fileEncoding = 4; lastKnownFileType = sourcecode.c.h; path = CubesSceneEngine.h; sourceTree = "<group>"; };
		AAAEDEFF009AE2864EB89D37 /* Camera.cpp */ = {isa = PBXFileReference; fileEncoding = 4; lastKnownFileType = sourcecode.cpp.cpp; path = Camera.cpp; sourceTree = "<group>"; };
		AAAEDF23FC6AD9D646F9F01E /* OculusRenderer.cpp */ = {isa = PBXFileReference; fileEncoding = 4; lastKnownFileType = sourcecode.cpp.cpp; path = OculusRenderer.cpp; sourceTree = "<group>"; };
		AAAEDF52FAFC4D7FEFA1B005 /* OpenGLApp.cpp */ = {isa = PBXFileReference; fileEncoding = 4; lastKnownFileType = sourcecode.cpp.cpp; path = OpenGLApp.cpp; sourceTree = "<group>"; };
		BED24AE319050CD70009D365 /* OculusCam */ = {isa = PBXFileReference; explicitFileType = "compiled.mach-o.executable"; includeInIndex = 0; path = OculusCam; sourceTree = BUILT_PRODUCTS_DIR; };
		BED24AF019050F9A0009D365 /* Cocoa.framework */ = {isa = PBXFileReference; lastKnownFileType = wrapper.framework; name = Cocoa.framework; path = System/Library/Frameworks/Cocoa.framework; sourceTree = SDKROOT; };
		BED24AF219050FA30009D365 /* OpenGL.framework */ = {isa = PBXFileReference; lastKnownFileType = wrapper.framework; name = OpenGL.framework; path = System/Library/Frameworks/OpenGL.framework; sourceTree = SDKROOT; };
		BED24AF4190510AE0009D365 /* IOKit.framework */ = {isa = PBXFileReference; lastKnownFileType = wrapper.framework; name = IOKit.framework; path = System/Library/Frameworks/IOKit.framework; sourceTree = SDKROOT; };
		BED24B121905186B0009D365 /* fs.glsl */ = {isa = PBXFileReference; fileEncoding = 4; lastKnownFileType = text; path = fs.glsl; sourceTree = "<group>"; };
		BED24B131905186B0009D365 /* oculus.fs.glsl */ = {isa = PBXFileReference; fileEncoding = 4; lastKnownFileType = text; path = oculus.fs.glsl; sourceTree = "<group>"; };
		BED24B141905186B0009D365 /* oculus.vs.glsl */ = {isa = PBXFileReference; fileEncoding = 4; lastKnownFileType = text; path = oculus.vs.glsl; sourceTree = "<group>"; };
		BED24B151905186B0009D365 /* vs.glsl */ = {isa = PBXFileReference; fileEncoding = 4; lastKnownFileType = text; path = vs.glsl; sourceTree = "<group>"; };
/* End PBXFileReference section */

/* Begin PBXFrameworksBuildPhase section */
		BED24AE019050CD70009D365 /* Frameworks */ = {
			isa = PBXFrameworksBuildPhase;
			buildActionMask = 2147483647;
			files = (
				BED24AF5190510AE0009D365 /* IOKit.framework in Frameworks */,
				BED24AF319050FA30009D365 /* OpenGL.framework in Frameworks */,
				BED24AF119050F9A0009D365 /* Cocoa.framework in Frameworks */,
			);
			runOnlyForDeploymentPostprocessing = 0;
		};
/* End PBXFrameworksBuildPhase section */

/* Begin PBXGroup section */
		AAAED00E44E13FEC4063CCE5 /* AppBasic */ = {
			isa = PBXGroup;
			children = (
				AAAEDF52FAFC4D7FEFA1B005 /* OpenGLApp.cpp */,
				AAAEDBD1C8F67C380E3356CF /* OpenGLApp.h */,
				AAAEDE6E7A3C06882E858247 /* AppHelper.h */,
			);
			path = AppBasic;
			sourceTree = "<group>";
		};
		AAAED1175374FF49D5AE0D8F /* OculusCam */ = {
			isa = PBXGroup;
			children = (
				AAAED1AA3E322724C0864C6F /* main.cpp */,
				AAAED53CAF5229F4586D0FE7 /* Rendering */,
				AAAEDAC7413A6FEC19D9A0B1 /* CubesApp.cpp */,
				AAAEDB3444D5DBC18C3BCF72 /* CubesApp.h */,
				AAAEDAFEACAED94EA85B01E7 /* CubesSceneEngine.cpp */,
				AAAEDEAFC7197552761ED63F /* CubesSceneEngine.h */,
				AAAED00E44E13FEC4063CCE5 /* AppBasic */,
			);
			path = OculusCam;
			sourceTree = "<group>";
		};
		AAAED53CAF5229F4586D0FE7 /* Rendering */ = {
			isa = PBXGroup;
			children = (
				AAAED8E757BF4CBD37EBF15E /* BaseRenderer.cpp */,
				AAAEDAE179C18FA6CD06E60E /* BaseRenderer.h */,
				AAAEDF23FC6AD9D646F9F01E /* OculusRenderer.cpp */,
				AAAED25C3F3CF72AB3A20FDE /* OculusRenderer.h */,
				AAAEDD9F6149125E907464EB /* Scene.cpp */,
				AAAED48CF955AC1F88EB5BAE /* Scene.h */,
				AAAED783B0FB31DADAD679CC /* SceneObject.cpp */,
				AAAEDBCD0B115A53009F1399 /* SceneObject.h */,
				AAAEDEFF009AE2864EB89D37 /* Camera.cpp */,
				AAAED3B28E9C7E26426E9839 /* Camera.h */,
				AAAEDD84A787024B8A5B41EC /* RenderProgram.cpp */,
				AAAED42187C1068260B58E6D /* RenderProgram.h */,
				AAAED544D20FEC97C16D2101 /* SceneEngine.cpp */,
				AAAED946A37BF88402F157A5 /* SceneEngine.h */,
				AAAED32361CCF58E52BB52F7 /* WebCam.h */,
			);
			path = Rendering;
			sourceTree = "<group>";
		};
		BED24ADA19050CD70009D365 = {
			isa = PBXGroup;
			children = (
				BED24B101905186B0009D365 /* resources */,
				BED24AEF19050F810009D365 /* Frameworks */,
				BED24AE419050CD70009D365 /* Products */,
				AAAED1175374FF49D5AE0D8F /* OculusCam */,
			);
			sourceTree = "<group>";
		};
		BED24AE419050CD70009D365 /* Products */ = {
			isa = PBXGroup;
			children = (
				BED24AE319050CD70009D365 /* OculusCam */,
			);
			name = Products;
			sourceTree = "<group>";
		};
		BED24AEF19050F810009D365 /* Frameworks */ = {
			isa = PBXGroup;
			children = (
				BED24AF4190510AE0009D365 /* IOKit.framework */,
				BED24AF219050FA30009D365 /* OpenGL.framework */,
				BED24AF019050F9A0009D365 /* Cocoa.framework */,
			);
			name = Frameworks;
			sourceTree = "<group>";
		};
		BED24B101905186B0009D365 /* resources */ = {
			isa = PBXGroup;
			children = (
				BED24B111905186B0009D365 /* shaders */,
			);
			path = resources;
			sourceTree = "<group>";
		};
		BED24B111905186B0009D365 /* shaders */ = {
			isa = PBXGroup;
			children = (
				BED24B121905186B0009D365 /* fs.glsl */,
				BED24B131905186B0009D365 /* oculus.fs.glsl */,
				BED24B141905186B0009D365 /* oculus.vs.glsl */,
				BED24B151905186B0009D365 /* vs.glsl */,
			);
			path = shaders;
			sourceTree = "<group>";
		};
/* End PBXGroup section */

/* Begin PBXNativeTarget section */
		BED24AE219050CD70009D365 /* OculusCam */ = {
			isa = PBXNativeTarget;
			buildConfigurationList = BED24AEC19050CD70009D365 /* Build configuration list for PBXNativeTarget "OculusCam" */;
			buildPhases = (
				BED24ADF19050CD70009D365 /* Sources */,
				BED24AE019050CD70009D365 /* Frameworks */,
				BED24AE119050CD70009D365 /* CopyFiles */,
			);
			buildRules = (
			);
			dependencies = (
			);
			name = OculusCam;
			productName = OculusCam;
			productReference = BED24AE319050CD70009D365 /* OculusCam */;
			productType = "com.apple.product-type.tool";
		};
/* End PBXNativeTarget section */

/* Begin PBXProject section */
		BED24ADB19050CD70009D365 /* Project object */ = {
			isa = PBXProject;
			attributes = {
				LastUpgradeCheck = 0510;
				ORGANIZATIONNAME = Ethan.Li;
			};
			buildConfigurationList = BED24ADE19050CD70009D365 /* Build configuration list for PBXProject "OculusCam" */;
			compatibilityVersion = "Xcode 3.2";
			developmentRegion = English;
			hasScannedForEncodings = 0;
			knownRegions = (
				en,
			);
			mainGroup = BED24ADA19050CD70009D365;
			productRefGroup = BED24AE419050CD70009D365 /* Products */;
			projectDirPath = "";
			projectRoot = "";
			targets = (
				BED24AE219050CD70009D365 /* OculusCam */,
			);
		};
/* End PBXProject section */

/* Begin PBXSourcesBuildPhase section */
		BED24ADF19050CD70009D365 /* Sources */ = {
			isa = PBXSourcesBuildPhase;
			buildActionMask = 2147483647;
			files = (
				AAAEDD8C2E7F0A8772157536 /* main.cpp in Sources */,
				AAAEDF1D9016C73E0E5C1AF8 /* BaseRenderer.cpp in Sources */,
				AAAEDF76665ECB809BD9F7FB /* OculusRenderer.cpp in Sources */,
				AAAED6BF4E042E4B240E22E2 /* Scene.cpp in Sources */,
				AAAEDFAF04EA3D3334DBDB2D /* SceneObject.cpp in Sources */,
				AAAEDCE23B3BCD54C6A7AE06 /* Camera.cpp in Sources */,
				AAAED211179631B98B719EC6 /* RenderProgram.cpp in Sources */,
				AAAED77ECC8846DEE633D6B5 /* SceneEngine.cpp in Sources */,
				AAAEDC814B05AB08BF12EF1D /* CubesApp.cpp in Sources */,
				AAAED733771827BC6A55B235 /* CubesSceneEngine.cpp in Sources */,
				AAAED7D56EF284B3B66A4527 /* OpenGLApp.cpp in Sources */,
			);
			runOnlyForDeploymentPostprocessing = 0;
		};
/* End PBXSourcesBuildPhase section */

/* Begin XCBuildConfiguration section */
		BED24AEA19050CD70009D365 /* Debug */ = {
			isa = XCBuildConfiguration;
			buildSettings = {
				ALWAYS_SEARCH_USER_PATHS = YES;
				CLANG_CXX_LANGUAGE_STANDARD = "gnu++0x";
				CLANG_CXX_LIBRARY = "libc++";
				CLANG_ENABLE_MODULES = YES;
				CLANG_ENABLE_OBJC_ARC = YES;
				CLANG_WARN_BOOL_CONVERSION = YES;
				CLANG_WARN_CONSTANT_CONVERSION = YES;
				CLANG_WARN_DIRECT_OBJC_ISA_USAGE = YES_ERROR;
				CLANG_WARN_EMPTY_BODY = YES;
				CLANG_WARN_ENUM_CONVERSION = YES;
				CLANG_WARN_INT_CONVERSION = YES;
				CLANG_WARN_OBJC_ROOT_CLASS = YES_ERROR;
				CLANG_WARN__DUPLICATE_METHOD_MATCH = YES;
				COPY_PHASE_STRIP = NO;
				GCC_C_LANGUAGE_STANDARD = gnu99;
				GCC_DYNAMIC_NO_PIC = NO;
				GCC_ENABLE_OBJC_EXCEPTIONS = YES;
				GCC_OPTIMIZATION_LEVEL = 0;
				GCC_PREPROCESSOR_DEFINITIONS = (
					"DEBUG=1",
					"$(inherited)",
				);
				GCC_SYMBOLS_PRIVATE_EXTERN = NO;
				GCC_WARN_64_TO_32_BIT_CONVERSION = YES;
				GCC_WARN_ABOUT_RETURN_TYPE = YES_ERROR;
				GCC_WARN_UNDECLARED_SELECTOR = YES;
				GCC_WARN_UNINITIALIZED_AUTOS = YES_AGGRESSIVE;
				GCC_WARN_UNUSED_FUNCTION = YES;
				GCC_WARN_UNUSED_VARIABLE = YES;
				HEADER_SEARCH_PATHS = (
					"$(inherited)",
					/Applications/Xcode.app/Contents/Developer/Toolchains/XcodeDefault.xctoolchain/usr/include,
					"/usr/local/include/**",
					"vendors/**",
				);
				LIBRARY_SEARCH_PATHS = (
					/usr/local/lib,
					"$(PROJECT_DIR)/vendors/LibOVR/**",
				);
				MACOSX_DEPLOYMENT_TARGET = 10.9;
				ONLY_ACTIVE_ARCH = YES;
				OTHER_LDFLAGS = (
					/usr/local/lib/libGLEW.dylib,
					/usr/local/lib/libopencv_highgui.dylib,
					/usr/local/lib/libopencv_core.dylib,
					/usr/local/lib/libglfw3.dylib,
					vendors/LibOVR/Lib/MacOS/Release/libovr.a,
				);
				SDKROOT = macosx;
			};
			name = Debug;
		};
		BED24AEB19050CD70009D365 /* Release */ = {
			isa = XCBuildConfiguration;
			buildSettings = {
				ALWAYS_SEARCH_USER_PATHS = YES;
				CLANG_CXX_LANGUAGE_STANDARD = "gnu++0x";
				CLANG_CXX_LIBRARY = "libc++";
				CLANG_ENABLE_MODULES = YES;
				CLANG_ENABLE_OBJC_ARC = YES;
				CLANG_WARN_BOOL_CONVERSION = YES;
				CLANG_WARN_CONSTANT_CONVERSION = YES;
				CLANG_WARN_DIRECT_OBJC_ISA_USAGE = YES_ERROR;
				CLANG_WARN_EMPTY_BODY = YES;
				CLANG_WARN_ENUM_CONVERSION = YES;
				CLANG_WARN_INT_CONVERSION = YES;
				CLANG_WARN_OBJC_ROOT_CLASS = YES_ERROR;
				CLANG_WARN__DUPLICATE_METHOD_MATCH = YES;
				COPY_PHASE_STRIP = YES;
				DEBUG_INFORMATION_FORMAT = "dwarf-with-dsym";
				ENABLE_NS_ASSERTIONS = NO;
				GCC_C_LANGUAGE_STANDARD = gnu99;
				GCC_ENABLE_OBJC_EXCEPTIONS = YES;
				GCC_WARN_64_TO_32_BIT_CONVERSION = YES;
				GCC_WARN_ABOUT_RETURN_TYPE = YES_ERROR;
				GCC_WARN_UNDECLARED_SELECTOR = YES;
				GCC_WARN_UNINITIALIZED_AUTOS = YES_AGGRESSIVE;
				GCC_WARN_UNUSED_FUNCTION = YES;
				GCC_WARN_UNUSED_VARIABLE = YES;
				HEADER_SEARCH_PATHS = (
					"$(inherited)",
					/Applications/Xcode.app/Contents/Developer/Toolchains/XcodeDefault.xctoolchain/usr/include,
					"/usr/local/include/**",
					"vendors/**",
				);
				LIBRARY_SEARCH_PATHS = (
					/usr/local/lib,
					"$(PROJECT_DIR)/vendors/LibOVR/**",
				);
				MACOSX_DEPLOYMENT_TARGET = 10.9;
				OTHER_LDFLAGS = (
					/usr/local/lib/libGLEW.dylib,
					/usr/local/lib/libopencv_highgui.dylib,
					/usr/local/lib/libopencv_core.dylib,
					/usr/local/lib/libglfw3.dylib,
					vendors/LibOVR/Lib/MacOS/Release/libovr.a,
				);
				SDKROOT = macosx;
			};
			name = Release;
		};
		BED24AED19050CD70009D365 /* Debug */ = {
			isa = XCBuildConfiguration;
			buildSettings = {
				PRODUCT_NAME = "$(TARGET_NAME)";
			};
			name = Debug;
		};
		BED24AEE19050CD70009D365 /* Release */ = {
			isa = XCBuildConfiguration;
			buildSettings = {
				PRODUCT_NAME = "$(TARGET_NAME)";
			};
			name = Release;
		};
/* End XCBuildConfiguration section */

/* Begin XCConfigurationList section */
		BED24ADE19050CD70009D365 /* Build configuration list for PBXProject "OculusCam" */ = {
			isa = XCConfigurationList;
			buildConfigurations = (
				BED24AEA19050CD70009D365 /* Debug */,
				BED24AEB19050CD70009D365 /* Release */,
			);
			defaultConfigurationIsVisible = 0;
			defaultConfigurationName = Release;
		};
		BED24AEC19050CD70009D365 /* Build configuration list for PBXNativeTarget "OculusCam" */ = {
			isa = XCConfigurationList;
			buildConfigurations = (
				BED24AED19050CD70009D365 /* Debug */,
				BED24AEE19050CD70009D365 /* Release */,
			);
			defaultConfigurationIsVisible = 0;
			defaultConfigurationName = Release;
		};
/* End XCConfigurationList section */
	};
	rootObject = BED24ADB19050CD70009D365 /* Project object */;
}
