// !$*UTF8*$!
{
	archiveVersion = 1;
	classes = {
	};
	objectVersion = 46;
	objects = {

/* Begin PBXBuildFile section */
		AAAED308F66E26ED5D9E8E52 /* OculusAppBase.cpp in Sources */ = {isa = PBXBuildFile; fileRef = AAAED3BAB6D8117682032DF8 /* OculusAppBase.cpp */; };
		AAAED94F310FB77A440797B7 /* OculusApp.cpp in Sources */ = {isa = PBXBuildFile; fileRef = AAAEDD4215C5CAAD6F4403F1 /* OculusApp.cpp */; };
		AAAEDAE2CF1ABCDA30F33AA6 /* OpenGLApp.cpp in Sources */ = {isa = PBXBuildFile; fileRef = AAAEDBBCF8715FFCE130F38E /* OpenGLApp.cpp */; };
		BED24AE719050CD70009D365 /* main.cpp in Sources */ = {isa = PBXBuildFile; fileRef = BED24AE619050CD70009D365 /* main.cpp */; };
		BED24AF119050F9A0009D365 /* Cocoa.framework in Frameworks */ = {isa = PBXBuildFile; fileRef = BED24AF019050F9A0009D365 /* Cocoa.framework */; };
		BED24AF319050FA30009D365 /* OpenGL.framework in Frameworks */ = {isa = PBXBuildFile; fileRef = BED24AF219050FA30009D365 /* OpenGL.framework */; };
		BED24AF5190510AE0009D365 /* IOKit.framework in Frameworks */ = {isa = PBXBuildFile; fileRef = BED24AF4190510AE0009D365 /* IOKit.framework */; };
		BED24B161905187A0009D365 /* fs.glsl in CopyFiles */ = {isa = PBXBuildFile; fileRef = BED24B121905186B0009D365 /* fs.glsl */; };
		BED24B171905187A0009D365 /* oculus.fs.glsl in CopyFiles */ = {isa = PBXBuildFile; fileRef = BED24B131905186B0009D365 /* oculus.fs.glsl */; };
		BED24B181905187A0009D365 /* oculus.vs.glsl in CopyFiles */ = {isa = PBXBuildFile; fileRef = BED24B141905186B0009D365 /* oculus.vs.glsl */; };
		BED24B191905187A0009D365 /* vs.glsl in CopyFiles */ = {isa = PBXBuildFile; fileRef = BED24B151905186B0009D365 /* vs.glsl */; };
/* End PBXBuildFile section */

/* Begin PBXCopyFilesBuildPhase section */
		BED24AE119050CD70009D365 /* CopyFiles */ = {
			isa = PBXCopyFilesBuildPhase;
			buildActionMask = 12;
			dstPath = resources/shaders;
			dstSubfolderSpec = 16;
			files = (
				BED24B161905187A0009D365 /* fs.glsl in CopyFiles */,
				BED24B171905187A0009D365 /* oculus.fs.glsl in CopyFiles */,
				BED24B181905187A0009D365 /* oculus.vs.glsl in CopyFiles */,
				BED24B191905187A0009D365 /* vs.glsl in CopyFiles */,
			);
			runOnlyForDeploymentPostprocessing = 0;
		};
/* End PBXCopyFilesBuildPhase section */

/* Begin PBXFileReference section */
		AAAED1C5EE4BC5551576F6ED /* OpenGLApp.h */ = {isa = PBXFileReference; fileEncoding = 4; lastKnownFileType = sourcecode.c.h; path = OpenGLApp.h; sourceTree = "<group>"; };
		AAAED2B0C2A80172E3FF105D /* AppHelper.h */ = {isa = PBXFileReference; fileEncoding = 4; lastKnownFileType = sourcecode.c.h; path = AppHelper.h; sourceTree = "<group>"; };
		AAAED370D35C19B92A401491 /* OculusAppBase.h */ = {isa = PBXFileReference; fileEncoding = 4; lastKnownFileType = sourcecode.c.h; path = OculusAppBase.h; sourceTree = "<group>"; };
		AAAED3BAB6D8117682032DF8 /* OculusAppBase.cpp */ = {isa = PBXFileReference; fileEncoding = 4; lastKnownFileType = sourcecode.cpp.cpp; path = OculusAppBase.cpp; sourceTree = "<group>"; };
		AAAED5F38B8754CE489047D7 /* WebCam.h */ = {isa = PBXFileReference; fileEncoding = 4; lastKnownFileType = sourcecode.c.h; path = WebCam.h; sourceTree = "<group>"; };
		AAAEDBBCF8715FFCE130F38E /* OpenGLApp.cpp */ = {isa = PBXFileReference; fileEncoding = 4; lastKnownFileType = sourcecode.cpp.cpp; path = OpenGLApp.cpp; sourceTree = "<group>"; };
		AAAEDD4215C5CAAD6F4403F1 /* OculusApp.cpp */ = {isa = PBXFileReference; fileEncoding = 4; lastKnownFileType = sourcecode.cpp.cpp; path = OculusApp.cpp; sourceTree = "<group>"; };
		AAAEDF0794B0983C62B03722 /* OculusApp.h */ = {isa = PBXFileReference; fileEncoding = 4; lastKnownFileType = sourcecode.c.h; path = OculusApp.h; sourceTree = "<group>"; };
		BED24AE319050CD70009D365 /* OculusCam */ = {isa = PBXFileReference; explicitFileType = "compiled.mach-o.executable"; includeInIndex = 0; path = OculusCam; sourceTree = BUILT_PRODUCTS_DIR; };
		BED24AE619050CD70009D365 /* main.cpp */ = {isa = PBXFileReference; lastKnownFileType = sourcecode.cpp.cpp; path = main.cpp; sourceTree = "<group>"; };
		BED24AF019050F9A0009D365 /* Cocoa.framework */ = {isa = PBXFileReference; lastKnownFileType = wrapper.framework; name = Cocoa.framework; path = System/Library/Frameworks/Cocoa.framework; sourceTree = SDKROOT; };
		BED24AF219050FA30009D365 /* OpenGL.framework */ = {isa = PBXFileReference; lastKnownFileType = wrapper.framework; name = OpenGL.framework; path = System/Library/Frameworks/OpenGL.framework; sourceTree = SDKROOT; };
		BED24AF4190510AE0009D365 /* IOKit.framework */ = {isa = PBXFileReference; lastKnownFileType = wrapper.framework; name = IOKit.framework; path = System/Library/Frameworks/IOKit.framework; sourceTree = SDKROOT; };
		BED24B121905186B0009D365 /* fs.glsl */ = {isa = PBXFileReference; fileEncoding = 4; lastKnownFileType = text; path = fs.glsl; sourceTree = "<group>"; };
		BED24B131905186B0009D365 /* oculus.fs.glsl */ = {isa = PBXFileReference; fileEncoding = 4; lastKnownFileType = text; path = oculus.fs.glsl; sourceTree = "<group>"; };
		BED24B141905186B0009D365 /* oculus.vs.glsl */ = {isa = PBXFileReference; fileEncoding = 4; lastKnownFileType = text; path = oculus.vs.glsl; sourceTree = "<group>"; };
		BED24B151905186B0009D365 /* vs.glsl */ = {isa = PBXFileReference; fileEncoding = 4; lastKnownFileType = text; path = vs.glsl; sourceTree = "<group>"; };
/* End PBXFileReference section */

/* Begin PBXFrameworksBuildPhase section */
		BED24AE019050CD70009D365 /* Frameworks */ = {
			isa = PBXFrameworksBuildPhase;
			buildActionMask = 2147483647;
			files = (
				BED24AF5190510AE0009D365 /* IOKit.framework in Frameworks */,
				BED24AF319050FA30009D365 /* OpenGL.framework in Frameworks */,
				BED24AF119050F9A0009D365 /* Cocoa.framework in Frameworks */,
			);
			runOnlyForDeploymentPostprocessing = 0;
		};
/* End PBXFrameworksBuildPhase section */

/* Begin PBXGroup section */
		BED24ADA19050CD70009D365 = {
			isa = PBXGroup;
			children = (
				BED24B101905186B0009D365 /* resources */,
				BED24AEF19050F810009D365 /* Frameworks */,
				BED24AE519050CD70009D365 /* OculusCam */,
				BED24AE419050CD70009D365 /* Products */,
			);
			sourceTree = "<group>";
		};
		BED24AE419050CD70009D365 /* Products */ = {
			isa = PBXGroup;
			children = (
				BED24AE319050CD70009D365 /* OculusCam */,
			);
			name = Products;
			sourceTree = "<group>";
		};
		BED24AE519050CD70009D365 /* OculusCam */ = {
			isa = PBXGroup;
			children = (
				BED24AE619050CD70009D365 /* main.cpp */,
				AAAED2B0C2A80172E3FF105D /* AppHelper.h */,
				AAAEDD4215C5CAAD6F4403F1 /* OculusApp.cpp */,
				AAAEDF0794B0983C62B03722 /* OculusApp.h */,
				AAAED3BAB6D8117682032DF8 /* OculusAppBase.cpp */,
				AAAED370D35C19B92A401491 /* OculusAppBase.h */,
				AAAEDBBCF8715FFCE130F38E /* OpenGLApp.cpp */,
				AAAED1C5EE4BC5551576F6ED /* OpenGLApp.h */,
				AAAED5F38B8754CE489047D7 /* WebCam.h */,
			);
			path = OculusCam;
			sourceTree = "<group>";
		};
		BED24AEF19050F810009D365 /* Frameworks */ = {
			isa = PBXGroup;
			children = (
				BED24AF4190510AE0009D365 /* IOKit.framework */,
				BED24AF219050FA30009D365 /* OpenGL.framework */,
				BED24AF019050F9A0009D365 /* Cocoa.framework */,
			);
			name = Frameworks;
			sourceTree = "<group>";
		};
		BED24B101905186B0009D365 /* resources */ = {
			isa = PBXGroup;
			children = (
				BED24B111905186B0009D365 /* shaders */,
			);
			path = resources;
			sourceTree = "<group>";
		};
		BED24B111905186B0009D365 /* shaders */ = {
			isa = PBXGroup;
			children = (
				BED24B121905186B0009D365 /* fs.glsl */,
				BED24B131905186B0009D365 /* oculus.fs.glsl */,
				BED24B141905186B0009D365 /* oculus.vs.glsl */,
				BED24B151905186B0009D365 /* vs.glsl */,
			);
			path = shaders;
			sourceTree = "<group>";
		};
/* End PBXGroup section */

/* Begin PBXNativeTarget section */
		BED24AE219050CD70009D365 /* OculusCam */ = {
			isa = PBXNativeTarget;
			buildConfigurationList = BED24AEC19050CD70009D365 /* Build configuration list for PBXNativeTarget "OculusCam" */;
			buildPhases = (
				BED24ADF19050CD70009D365 /* Sources */,
				BED24AE019050CD70009D365 /* Frameworks */,
				BED24AE119050CD70009D365 /* CopyFiles */,
			);
			buildRules = (
			);
			dependencies = (
			);
			name = OculusCam;
			productName = OculusCam;
			productReference = BED24AE319050CD70009D365 /* OculusCam */;
			productType = "com.apple.product-type.tool";
		};
/* End PBXNativeTarget section */

/* Begin PBXProject section */
		BED24ADB19050CD70009D365 /* Project object */ = {
			isa = PBXProject;
			attributes = {
				LastUpgradeCheck = 0510;
				ORGANIZATIONNAME = Ethan.Li;
			};
			buildConfigurationList = BED24ADE19050CD70009D365 /* Build configuration list for PBXProject "OculusCam" */;
			compatibilityVersion = "Xcode 3.2";
			developmentRegion = English;
			hasScannedForEncodings = 0;
			knownRegions = (
				en,
			);
			mainGroup = BED24ADA19050CD70009D365;
			productRefGroup = BED24AE419050CD70009D365 /* Products */;
			projectDirPath = "";
			projectRoot = "";
			targets = (
				BED24AE219050CD70009D365 /* OculusCam */,
			);
		};
/* End PBXProject section */

/* Begin PBXSourcesBuildPhase section */
		BED24ADF19050CD70009D365 /* Sources */ = {
			isa = PBXSourcesBuildPhase;
			buildActionMask = 2147483647;
			files = (
				BED24AE719050CD70009D365 /* main.cpp in Sources */,
				AAAED94F310FB77A440797B7 /* OculusApp.cpp in Sources */,
				AAAED308F66E26ED5D9E8E52 /* OculusAppBase.cpp in Sources */,
				AAAEDAE2CF1ABCDA30F33AA6 /* OpenGLApp.cpp in Sources */,
			);
			runOnlyForDeploymentPostprocessing = 0;
		};
/* End PBXSourcesBuildPhase section */

/* Begin XCBuildConfiguration section */
		BED24AEA19050CD70009D365 /* Debug */ = {
			isa = XCBuildConfiguration;
			buildSettings = {
				ALWAYS_SEARCH_USER_PATHS = YES;
				CLANG_CXX_LANGUAGE_STANDARD = "gnu++0x";
				CLANG_CXX_LIBRARY = "libc++";
				CLANG_ENABLE_MODULES = YES;
				CLANG_ENABLE_OBJC_ARC = YES;
				CLANG_WARN_BOOL_CONVERSION = YES;
				CLANG_WARN_CONSTANT_CONVERSION = YES;
				CLANG_WARN_DIRECT_OBJC_ISA_USAGE = YES_ERROR;
				CLANG_WARN_EMPTY_BODY = YES;
				CLANG_WARN_ENUM_CONVERSION = YES;
				CLANG_WARN_INT_CONVERSION = YES;
				CLANG_WARN_OBJC_ROOT_CLASS = YES_ERROR;
				CLANG_WARN__DUPLICATE_METHOD_MATCH = YES;
				COPY_PHASE_STRIP = NO;
				GCC_C_LANGUAGE_STANDARD = gnu99;
				GCC_DYNAMIC_NO_PIC = NO;
				GCC_ENABLE_OBJC_EXCEPTIONS = YES;
				GCC_OPTIMIZATION_LEVEL = 0;
				GCC_PREPROCESSOR_DEFINITIONS = (
					"DEBUG=1",
					"$(inherited)",
				);
				GCC_SYMBOLS_PRIVATE_EXTERN = NO;
				GCC_WARN_64_TO_32_BIT_CONVERSION = YES;
				GCC_WARN_ABOUT_RETURN_TYPE = YES_ERROR;
				GCC_WARN_UNDECLARED_SELECTOR = YES;
				GCC_WARN_UNINITIALIZED_AUTOS = YES_AGGRESSIVE;
				GCC_WARN_UNUSED_FUNCTION = YES;
				GCC_WARN_UNUSED_VARIABLE = YES;
				HEADER_SEARCH_PATHS = (
					"$(inherited)",
					/Applications/Xcode.app/Contents/Developer/Toolchains/XcodeDefault.xctoolchain/usr/include,
					"/usr/local/include/**",
					"vendors/**",
				);
				LIBRARY_SEARCH_PATHS = (
					/usr/local/lib,
					"$(PROJECT_DIR)/vendors/LibOVR/**",
				);
				MACOSX_DEPLOYMENT_TARGET = 10.9;
				ONLY_ACTIVE_ARCH = YES;
				OTHER_LDFLAGS = (
					/usr/local/lib/libGLEW.dylib,
					/usr/local/lib/libopencv_highgui.dylib,
					/usr/local/lib/libopencv_core.dylib,
					/usr/local/lib/libglfw3.dylib,
					vendors/LibOVR/Lib/MacOS/Release/libovr.a,
				);
				SDKROOT = macosx;
			};
			name = Debug;
		};
		BED24AEB19050CD70009D365 /* Release */ = {
			isa = XCBuildConfiguration;
			buildSettings = {
				ALWAYS_SEARCH_USER_PATHS = YES;
				CLANG_CXX_LANGUAGE_STANDARD = "gnu++0x";
				CLANG_CXX_LIBRARY = "libc++";
				CLANG_ENABLE_MODULES = YES;
				CLANG_ENABLE_OBJC_ARC = YES;
				CLANG_WARN_BOOL_CONVERSION = YES;
				CLANG_WARN_CONSTANT_CONVERSION = YES;
				CLANG_WARN_DIRECT_OBJC_ISA_USAGE = YES_ERROR;
				CLANG_WARN_EMPTY_BODY = YES;
				CLANG_WARN_ENUM_CONVERSION = YES;
				CLANG_WARN_INT_CONVERSION = YES;
				CLANG_WARN_OBJC_ROOT_CLASS = YES_ERROR;
				CLANG_WARN__DUPLICATE_METHOD_MATCH = YES;
				COPY_PHASE_STRIP = YES;
				DEBUG_INFORMATION_FORMAT = "dwarf-with-dsym";
				ENABLE_NS_ASSERTIONS = NO;
				GCC_C_LANGUAGE_STANDARD = gnu99;
				GCC_ENABLE_OBJC_EXCEPTIONS = YES;
				GCC_WARN_64_TO_32_BIT_CONVERSION = YES;
				GCC_WARN_ABOUT_RETURN_TYPE = YES_ERROR;
				GCC_WARN_UNDECLARED_SELECTOR = YES;
				GCC_WARN_UNINITIALIZED_AUTOS = YES_AGGRESSIVE;
				GCC_WARN_UNUSED_FUNCTION = YES;
				GCC_WARN_UNUSED_VARIABLE = YES;
				HEADER_SEARCH_PATHS = (
					"$(inherited)",
					/Applications/Xcode.app/Contents/Developer/Toolchains/XcodeDefault.xctoolchain/usr/include,
					"/usr/local/include/**",
					"vendors/**",
				);
				LIBRARY_SEARCH_PATHS = (
					/usr/local/lib,
					"$(PROJECT_DIR)/vendors/LibOVR/**",
				);
				MACOSX_DEPLOYMENT_TARGET = 10.9;
				OTHER_LDFLAGS = (
					/usr/local/lib/libGLEW.dylib,
					/usr/local/lib/libopencv_highgui.dylib,
					/usr/local/lib/libopencv_core.dylib,
					/usr/local/lib/libglfw3.dylib,
					vendors/LibOVR/Lib/MacOS/Release/libovr.a,
				);
				SDKROOT = macosx;
			};
			name = Release;
		};
		BED24AED19050CD70009D365 /* Debug */ = {
			isa = XCBuildConfiguration;
			buildSettings = {
				PRODUCT_NAME = "$(TARGET_NAME)";
			};
			name = Debug;
		};
		BED24AEE19050CD70009D365 /* Release */ = {
			isa = XCBuildConfiguration;
			buildSettings = {
				PRODUCT_NAME = "$(TARGET_NAME)";
			};
			name = Release;
		};
/* End XCBuildConfiguration section */

/* Begin XCConfigurationList section */
		BED24ADE19050CD70009D365 /* Build configuration list for PBXProject "OculusCam" */ = {
			isa = XCConfigurationList;
			buildConfigurations = (
				BED24AEA19050CD70009D365 /* Debug */,
				BED24AEB19050CD70009D365 /* Release */,
			);
			defaultConfigurationIsVisible = 0;
			defaultConfigurationName = Release;
		};
		BED24AEC19050CD70009D365 /* Build configuration list for PBXNativeTarget "OculusCam" */ = {
			isa = XCConfigurationList;
			buildConfigurations = (
				BED24AED19050CD70009D365 /* Debug */,
				BED24AEE19050CD70009D365 /* Release */,
			);
			defaultConfigurationIsVisible = 0;
			defaultConfigurationName = Release;
		};
/* End XCConfigurationList section */
	};
	rootObject = BED24ADB19050CD70009D365 /* Project object */;
}
